
Microsoft Visual Studio Solution File, Format Version 12.00
# Visual Studio 14
VisualStudioVersion = 14.0.25420.1
MinimumVisualStudioVersion = 10.0.40219.1
Project("{FAE04EC0-301F-11D3-BF4B-00C04F79EFBC}") = "WhetStone", "WhetStone\WhetStone.csproj", "{F88501CE-F508-4165-8F15-97DB41EDEF88}"
EndProject
Project("{FAE04EC0-301F-11D3-BF4B-00C04F79EFBC}") = "WhetstoneTests", "WhetstoneTests\WhetstoneTests.csproj", "{B7403CD2-3B2B-4555-A179-D825F2BE859F}"
EndProject
Project("{7CF6DF6D-3B04-46F8-A40B-537D21BCA0B4}") = "DocBuilder", "DocBuilder\DocBuilder.shfbproj", "{D4C72D11-ACDC-4932-9225-6B3C76249D31}"
EndProject
Global
	GlobalSection(SolutionConfigurationPlatforms) = preSolution
		Debug|Any CPU = Debug|Any CPU
		Debug|x64 = Debug|x64
		Debug|x86 = Debug|x86
		Release|Any CPU = Release|Any CPU
		Release|x64 = Release|x64
		Release|x86 = Release|x86
	EndGlobalSection
	GlobalSection(ProjectConfigurationPlatforms) = postSolution
		{F88501CE-F508-4165-8F15-97DB41EDEF88}.Debug|Any CPU.ActiveCfg = Debug|Any CPU
		{F88501CE-F508-4165-8F15-97DB41EDEF88}.Debug|Any CPU.Build.0 = Debug|Any CPU
		{F88501CE-F508-4165-8F15-97DB41EDEF88}.Debug|x64.ActiveCfg = Debug|x64
		{F88501CE-F508-4165-8F15-97DB41EDEF88}.Debug|x64.Build.0 = Debug|x64
		{F88501CE-F508-4165-8F15-97DB41EDEF88}.Debug|x86.ActiveCfg = Debug|x86
		{F88501CE-F508-4165-8F15-97DB41EDEF88}.Debug|x86.Build.0 = Debug|x86
		{F88501CE-F508-4165-8F15-97DB41EDEF88}.Release|Any CPU.ActiveCfg = Release|Any CPU
		{F88501CE-F508-4165-8F15-97DB41EDEF88}.Release|Any CPU.Build.0 = Release|Any CPU
		{F88501CE-F508-4165-8F15-97DB41EDEF88}.Release|x64.ActiveCfg = Release|x64
		{F88501CE-F508-4165-8F15-97DB41EDEF88}.Release|x64.Build.0 = Release|x64
		{F88501CE-F508-4165-8F15-97DB41EDEF88}.Release|x86.ActiveCfg = Release|x86
		{F88501CE-F508-4165-8F15-97DB41EDEF88}.Release|x86.Build.0 = Release|x86
		{B7403CD2-3B2B-4555-A179-D825F2BE859F}.Debug|Any CPU.ActiveCfg = Debug|Any CPU
		{B7403CD2-3B2B-4555-A179-D825F2BE859F}.Debug|Any CPU.Build.0 = Debug|Any CPU
		{B7403CD2-3B2B-4555-A179-D825F2BE859F}.Debug|x64.ActiveCfg = Debug|x64
		{B7403CD2-3B2B-4555-A179-D825F2BE859F}.Debug|x64.Build.0 = Debug|x64
		{B7403CD2-3B2B-4555-A179-D825F2BE859F}.Debug|x86.ActiveCfg = Debug|Any CPU
		{B7403CD2-3B2B-4555-A179-D825F2BE859F}.Debug|x86.Build.0 = Debug|Any CPU
		{B7403CD2-3B2B-4555-A179-D825F2BE859F}.Release|Any CPU.ActiveCfg = Release|Any CPU
		{B7403CD2-3B2B-4555-A179-D825F2BE859F}.Release|Any CPU.Build.0 = Release|Any CPU
		{B7403CD2-3B2B-4555-A179-D825F2BE859F}.Release|x64.ActiveCfg = Release|x64
		{B7403CD2-3B2B-4555-A179-D825F2BE859F}.Release|x64.Build.0 = Release|x64
		{B7403CD2-3B2B-4555-A179-D825F2BE859F}.Release|x86.ActiveCfg = Release|Any CPU
		{B7403CD2-3B2B-4555-A179-D825F2BE859F}.Release|x86.Build.0 = Release|Any CPU
		{D4C72D11-ACDC-4932-9225-6B3C76249D31}.Debug|Any CPU.ActiveCfg = Debug|Any CPU
		{D4C72D11-ACDC-4932-9225-6B3C76249D31}.Debug|Any CPU.Build.0 = Debug|Any CPU
		{D4C72D11-ACDC-4932-9225-6B3C76249D31}.Debug|x64.ActiveCfg = Debug|Any CPU
		{D4C72D11-ACDC-4932-9225-6B3C76249D31}.Debug|x64.Build.0 = Debug|Any CPU
		{D4C72D11-ACDC-4932-9225-6B3C76249D31}.Debug|x86.ActiveCfg = Debug|Any CPU
		{D4C72D11-ACDC-4932-9225-6B3C76249D31}.Debug|x86.Build.0 = Debug|Any CPU
		{D4C72D11-ACDC-4932-9225-6B3C76249D31}.Release|Any CPU.ActiveCfg = Release|Any CPU
		{D4C72D11-ACDC-4932-9225-6B3C76249D31}.Release|x64.ActiveCfg = Release|Any CPU
		{D4C72D11-ACDC-4932-9225-6B3C76249D31}.Release|x64.Build.0 = Release|Any CPU
		{D4C72D11-ACDC-4932-9225-6B3C76249D31}.Release|x86.ActiveCfg = Release|Any CPU
		{D4C72D11-ACDC-4932-9225-6B3C76249D31}.Release|x86.Build.0 = Release|Any CPU
	EndGlobalSection
	GlobalSection(SolutionProperties) = preSolution
		HideSolutionNode = FALSE
	EndGlobalSection
EndGlobal
